{
  "name": "node_minecraft",
  "version": "1.0.0",
  "lockfileVersion": 1,
  "requires": true,
  "dependencies": {
    "public-google-sheets-parser": {
      "version": "1.2.4",
      "resolved": "https://registry.npmjs.org/public-google-sheets-parser/-/public-google-sheets-parser-1.2.4.tgz",
      "integrity": "sha512-wJBV6zf+F7XALgmLSoCPkQvsVI2ode6lFBjQENQJuCb9fFC4nG1P4I4vKy8Zxxi6Y1hv9qgI0NksOHHJGiDi6g=="
    }
  }
}
